
Microsoft Visual Studio Solution File, Format Version 12.00
# Visual Studio Version 17
VisualStudioVersion = 17.1.32319.34
MinimumVisualStudioVersion = 10.0.40219.1
Project("{FAE04EC0-301F-11D3-BF4B-00C04F79EFBC}") = "Inventory Management Application.Android", "Inventory Management Application.Android\Inventory Management Application.Android.csproj", "{6CDCDECA-92BC-4E58-8E6A-7B52ED8F1B88}"
EndProject
Project("{FAE04EC0-301F-11D3-BF4B-00C04F79EFBC}") = "Inventory Management Application.iOS", "Inventory Management Application.iOS\Inventory Management Application.iOS.csproj", "{59FD3E4D-7219-45CD-8CFF-C6746AC255CF}"
EndProject
Project("{FAE04EC0-301F-11D3-BF4B-00C04F79EFBC}") = "Inventory Management Application", "Inventory Management Application\Inventory Management Application.csproj", "{30C0C6CC-FD5A-4E31-ADB1-F3B259B992A9}"
EndProject
Global
	GlobalSection(SolutionConfigurationPlatforms) = preSolution
		Debug|Any CPU = Debug|Any CPU
		Debug|iPhone = Debug|iPhone
		Debug|iPhoneSimulator = Debug|iPhoneSimulator
		Release|Any CPU = Release|Any CPU
		Release|iPhone = Release|iPhone
		Release|iPhoneSimulator = Release|iPhoneSimulator
	EndGlobalSection
	GlobalSection(ProjectConfigurationPlatforms) = postSolution
		{6CDCDECA-92BC-4E58-8E6A-7B52ED8F1B88}.Debug|Any CPU.ActiveCfg = Debug|Any CPU
		{6CDCDECA-92BC-4E58-8E6A-7B52ED8F1B88}.Debug|Any CPU.Build.0 = Debug|Any CPU
		{6CDCDECA-92BC-4E58-8E6A-7B52ED8F1B88}.Debug|Any CPU.Deploy.0 = Debug|Any CPU
		{6CDCDECA-92BC-4E58-8E6A-7B52ED8F1B88}.Debug|iPhone.ActiveCfg = Debug|Any CPU
		{6CDCDECA-92BC-4E58-8E6A-7B52ED8F1B88}.Debug|iPhone.Build.0 = Debug|Any CPU
		{6CDCDECA-92BC-4E58-8E6A-7B52ED8F1B88}.Debug|iPhone.Deploy.0 = Debug|Any CPU
		{6CDCDECA-92BC-4E58-8E6A-7B52ED8F1B88}.Debug|iPhoneSimulator.ActiveCfg = Debug|Any CPU
		{6CDCDECA-92BC-4E58-8E6A-7B52ED8F1B88}.Debug|iPhoneSimulator.Build.0 = Debug|Any CPU
		{6CDCDECA-92BC-4E58-8E6A-7B52ED8F1B88}.Debug|iPhoneSimulator.Deploy.0 = Debug|Any CPU
		{6CDCDECA-92BC-4E58-8E6A-7B52ED8F1B88}.Release|Any CPU.ActiveCfg = Release|Any CPU
		{6CDCDECA-92BC-4E58-8E6A-7B52ED8F1B88}.Release|Any CPU.Build.0 = Release|Any CPU
		{6CDCDECA-92BC-4E58-8E6A-7B52ED8F1B88}.Release|Any CPU.Deploy.0 = Release|Any CPU
		{6CDCDECA-92BC-4E58-8E6A-7B52ED8F1B88}.Release|iPhone.ActiveCfg = Release|Any CPU
		{6CDCDECA-92BC-4E58-8E6A-7B52ED8F1B88}.Release|iPhone.Build.0 = Release|Any CPU
		{6CDCDECA-92BC-4E58-8E6A-7B52ED8F1B88}.Release|iPhone.Deploy.0 = Release|Any CPU
		{6CDCDECA-92BC-4E58-8E6A-7B52ED8F1B88}.Release|iPhoneSimulator.ActiveCfg = Release|Any CPU
		{6CDCDECA-92BC-4E58-8E6A-7B52ED8F1B88}.Release|iPhoneSimulator.Build.0 = Release|Any CPU
		{6CDCDECA-92BC-4E58-8E6A-7B52ED8F1B88}.Release|iPhoneSimulator.Deploy.0 = Release|Any CPU
		{59FD3E4D-7219-45CD-8CFF-C6746AC255CF}.Debug|Any CPU.ActiveCfg = Debug|iPhone
		{59FD3E4D-7219-45CD-8CFF-C6746AC255CF}.Debug|Any CPU.Build.0 = Debug|iPhone
		{59FD3E4D-7219-45CD-8CFF-C6746AC255CF}.Debug|Any CPU.Deploy.0 = Debug|iPhone
		{59FD3E4D-7219-45CD-8CFF-C6746AC255CF}.Debug|iPhone.ActiveCfg = Debug|iPhone
		{59FD3E4D-7219-45CD-8CFF-C6746AC255CF}.Debug|iPhone.Build.0 = Debug|iPhone
		{59FD3E4D-7219-45CD-8CFF-C6746AC255CF}.Debug|iPhone.Deploy.0 = Debug|iPhone
		{59FD3E4D-7219-45CD-8CFF-C6746AC255CF}.Debug|iPhoneSimulator.ActiveCfg = Debug|iPhoneSimulator
		{59FD3E4D-7219-45CD-8CFF-C6746AC255CF}.Debug|iPhoneSimulator.Build.0 = Debug|iPhoneSimulator
		{59FD3E4D-7219-45CD-8CFF-C6746AC255CF}.Debug|iPhoneSimulator.Deploy.0 = Debug|iPhoneSimulator
		{59FD3E4D-7219-45CD-8CFF-C6746AC255CF}.Release|Any CPU.ActiveCfg = Release|iPhoneSimulator
		{59FD3E4D-7219-45CD-8CFF-C6746AC255CF}.Release|Any CPU.Build.0 = Release|iPhoneSimulator
		{59FD3E4D-7219-45CD-8CFF-C6746AC255CF}.Release|Any CPU.Deploy.0 = Release|iPhoneSimulator
		{59FD3E4D-7219-45CD-8CFF-C6746AC255CF}.Release|iPhone.ActiveCfg = Release|iPhone
		{59FD3E4D-7219-45CD-8CFF-C6746AC255CF}.Release|iPhone.Build.0 = Release|iPhone
		{59FD3E4D-7219-45CD-8CFF-C6746AC255CF}.Release|iPhone.Deploy.0 = Release|iPhone
		{59FD3E4D-7219-45CD-8CFF-C6746AC255CF}.Release|iPhoneSimulator.ActiveCfg = Release|iPhoneSimulator
		{59FD3E4D-7219-45CD-8CFF-C6746AC255CF}.Release|iPhoneSimulator.Build.0 = Release|iPhoneSimulator
		{59FD3E4D-7219-45CD-8CFF-C6746AC255CF}.Release|iPhoneSimulator.Deploy.0 = Release|iPhoneSimulator
		{30C0C6CC-FD5A-4E31-ADB1-F3B259B992A9}.Debug|Any CPU.ActiveCfg = Debug|Any CPU
		{30C0C6CC-FD5A-4E31-ADB1-F3B259B992A9}.Debug|Any CPU.Build.0 = Debug|Any CPU
		{30C0C6CC-FD5A-4E31-ADB1-F3B259B992A9}.Debug|Any CPU.Deploy.0 = Debug|Any CPU
		{30C0C6CC-FD5A-4E31-ADB1-F3B259B992A9}.Debug|iPhone.ActiveCfg = Debug|Any CPU
		{30C0C6CC-FD5A-4E31-ADB1-F3B259B992A9}.Debug|iPhone.Build.0 = Debug|Any CPU
		{30C0C6CC-FD5A-4E31-ADB1-F3B259B992A9}.Debug|iPhone.Deploy.0 = Debug|Any CPU
		{30C0C6CC-FD5A-4E31-ADB1-F3B259B992A9}.Debug|iPhoneSimulator.ActiveCfg = Debug|Any CPU
		{30C0C6CC-FD5A-4E31-ADB1-F3B259B992A9}.Debug|iPhoneSimulator.Build.0 = Debug|Any CPU
		{30C0C6CC-FD5A-4E31-ADB1-F3B259B992A9}.Debug|iPhoneSimulator.Deploy.0 = Debug|Any CPU
		{30C0C6CC-FD5A-4E31-ADB1-F3B259B992A9}.Release|Any CPU.ActiveCfg = Release|Any CPU
		{30C0C6CC-FD5A-4E31-ADB1-F3B259B992A9}.Release|Any CPU.Build.0 = Release|Any CPU
		{30C0C6CC-FD5A-4E31-ADB1-F3B259B992A9}.Release|Any CPU.Deploy.0 = Release|Any CPU
		{30C0C6CC-FD5A-4E31-ADB1-F3B259B992A9}.Release|iPhone.ActiveCfg = Release|Any CPU
		{30C0C6CC-FD5A-4E31-ADB1-F3B259B992A9}.Release|iPhone.Build.0 = Release|Any CPU
		{30C0C6CC-FD5A-4E31-ADB1-F3B259B992A9}.Release|iPhone.Deploy.0 = Release|Any CPU
		{30C0C6CC-FD5A-4E31-ADB1-F3B259B992A9}.Release|iPhoneSimulator.ActiveCfg = Release|Any CPU
		{30C0C6CC-FD5A-4E31-ADB1-F3B259B992A9}.Release|iPhoneSimulator.Build.0 = Release|Any CPU
		{30C0C6CC-FD5A-4E31-ADB1-F3B259B992A9}.Release|iPhoneSimulator.Deploy.0 = Release|Any CPU
	EndGlobalSection
	GlobalSection(SolutionProperties) = preSolution
		HideSolutionNode = FALSE
	EndGlobalSection
	GlobalSection(ExtensibilityGlobals) = postSolution
		SolutionGuid = {BAF3E366-9521-41A9-BA7A-569F67F346B7}
	EndGlobalSection
EndGlobal
